
Microsoft Visual Studio Solution File, Format Version 12.00
# Visual Studio Version 17
VisualStudioVersion = 17.14.36408.4 d17.14
MinimumVisualStudioVersion = 10.0.40219.1
Project("{FAE04EC0-301F-11D3-BF4B-00C04F79EFBC}") = "ThucHanhbai3", "ThucHanhbai3.csproj", "{DB4A260E-E3C9-4946-BEB4-BFEE75801B1E}"
EndProject
Global
	GlobalSection(SolutionConfigurationPlatforms) = preSolution
		Debug|Any CPU = Debug|Any CPU
		Release|Any CPU = Release|Any CPU
	EndGlobalSection
	GlobalSection(ProjectConfigurationPlatforms) = postSolution
		{DB4A260E-E3C9-4946-BEB4-BFEE75801B1E}.Debug|Any CPU.ActiveCfg = Debug|Any CPU
		{DB4A260E-E3C9-4946-BEB4-BFEE75801B1E}.Debug|Any CPU.Build.0 = Debug|Any CPU
		{DB4A260E-E3C9-4946-BEB4-BFEE75801B1E}.Release|Any CPU.ActiveCfg = Release|Any CPU
		{DB4A260E-E3C9-4946-BEB4-BFEE75801B1E}.Release|Any CPU.Build.0 = Release|Any CPU
	EndGlobalSection
	GlobalSection(SolutionProperties) = preSolution
		HideSolutionNode = FALSE
	EndGlobalSection
	GlobalSection(ExtensibilityGlobals) = postSolution
		SolutionGuid = {08F67C6C-10AF-414E-8989-B21AF1877B21}
	EndGlobalSection
EndGlobal
